
Microsoft Visual Studio Solution File, Format Version 12.00
# Visual Studio Version 17
VisualStudioVersion = 17.5.002.0
MinimumVisualStudioVersion = 10.0.40219.1
Project("{9A19103F-16F7-4668-BE54-9A1E7A4F7556}") = "Atividade imposto de renda", "Atividade imposto de renda.csproj", "{6F8CDBBF-2D71-4E86-9B79-D6C82CAB520A}"
EndProject
Global
	GlobalSection(SolutionConfigurationPlatforms) = preSolution
		Debug|Any CPU = Debug|Any CPU
		Release|Any CPU = Release|Any CPU
	EndGlobalSection
	GlobalSection(ProjectConfigurationPlatforms) = postSolution
		{6F8CDBBF-2D71-4E86-9B79-D6C82CAB520A}.Debug|Any CPU.ActiveCfg = Debug|Any CPU
		{6F8CDBBF-2D71-4E86-9B79-D6C82CAB520A}.Debug|Any CPU.Build.0 = Debug|Any CPU
		{6F8CDBBF-2D71-4E86-9B79-D6C82CAB520A}.Release|Any CPU.ActiveCfg = Release|Any CPU
		{6F8CDBBF-2D71-4E86-9B79-D6C82CAB520A}.Release|Any CPU.Build.0 = Release|Any CPU
	EndGlobalSection
	GlobalSection(SolutionProperties) = preSolution
		HideSolutionNode = FALSE
	EndGlobalSection
	GlobalSection(ExtensibilityGlobals) = postSolution
		SolutionGuid = {DC63F5C2-BDC9-4BB5-9D9E-78870FEBB2B3}
	EndGlobalSection
EndGlobal
