
Microsoft Visual Studio Solution File, Format Version 12.00
# Visual Studio Version 17
VisualStudioVersion = 17.5.002.0
MinimumVisualStudioVersion = 10.0.40219.1
Project("{9A19103F-16F7-4668-BE54-9A1E7A4F7556}") = "Atividade Imposto de Renda", "Atividade Imposto de Renda.csproj", "{D96F9955-AF70-4692-9E61-6F10CE3A699C}"
EndProject
Global
	GlobalSection(SolutionConfigurationPlatforms) = preSolution
		Debug|Any CPU = Debug|Any CPU
		Release|Any CPU = Release|Any CPU
	EndGlobalSection
	GlobalSection(ProjectConfigurationPlatforms) = postSolution
		{D96F9955-AF70-4692-9E61-6F10CE3A699C}.Debug|Any CPU.ActiveCfg = Debug|Any CPU
		{D96F9955-AF70-4692-9E61-6F10CE3A699C}.Debug|Any CPU.Build.0 = Debug|Any CPU
		{D96F9955-AF70-4692-9E61-6F10CE3A699C}.Release|Any CPU.ActiveCfg = Release|Any CPU
		{D96F9955-AF70-4692-9E61-6F10CE3A699C}.Release|Any CPU.Build.0 = Release|Any CPU
	EndGlobalSection
	GlobalSection(SolutionProperties) = preSolution
		HideSolutionNode = FALSE
	EndGlobalSection
	GlobalSection(ExtensibilityGlobals) = postSolution
		SolutionGuid = {6BED5E72-AD48-434A-B269-4ECAD23C5F5C}
	EndGlobalSection
EndGlobal
